// !$*UTF8*$!
{
	archiveVersion = 1;
	classes = {
	};
	objectVersion = 54;
	objects = {

/* Begin PBXBuildFile section */
		0101242A8C80CBA9D1DC6C33 /* AudioService.swift in Sources */ = {isa = PBXBuildFile; fileRef = ADAFA7606093D890FACB8745 /* AudioService.swift */; };
		0D7A0ACC8D3147CA8DFE4F85 /* AppIcon.icon in Resources */ = {isa = PBXBuildFile; fileRef = 46A074B6E9B5462088433E62 /* AppIcon.icon */; };
		0FDA84B2250BB9EBC9C7624C /* ContentView.swift in Sources */ = {isa = PBXBuildFile; fileRef = 799AFC8CE50ADE592541958B /* ContentView.swift */; };
		1A2B3C4D5E6F708192A3B401 /* WelcomeFeaturesSheet.swift in Sources */ = {isa = PBXBuildFile; fileRef = 1A2B3C4D5E6F708192A3B402 /* WelcomeFeaturesSheet.swift */; };
		1ABC2DEF3456789012BCDEF3 /* Config.swift in Sources */ = {isa = PBXBuildFile; fileRef = 5678DEF0GHIJ1234K5L6MNOP /* Config.swift */; };
		24D2DB24214371F9E49387C8 /* Colors.swift in Sources */ = {isa = PBXBuildFile; fileRef = 3DD397E4664B1F5DA9FD1398 /* Colors.swift */; };
		4B21D8A5B27F649810C47685 /* ProgressService.swift in Sources */ = {isa = PBXBuildFile; fileRef = C905450FAC03FAF7132FF510 /* ProgressService.swift */; };
		4E037E90A1656ED7FF4517F0 /* VocabularyService.swift in Sources */ = {isa = PBXBuildFile; fileRef = 7BF3A6554FF07109F8FC3517 /* VocabularyService.swift */; };
		504EC3081FED79650016851F /* AppDelegate.swift in Sources */ = {isa = PBXBuildFile; fileRef = 504EC3071FED79650016851F /* AppDelegate.swift */; };
		504EC30F1FED79650016851F /* Assets.xcassets in Resources */ = {isa = PBXBuildFile; fileRef = 504EC30E1FED79650016851F /* Assets.xcassets */; };
		504EC3121FED79650016851F /* LaunchScreen.storyboard in Resources */ = {isa = PBXBuildFile; fileRef = 504EC3101FED79650016851F /* LaunchScreen.storyboard */; };
		5A49A6E42F81FECC0087AEB4 /* SetNewPasswordView.swift in Sources */ = {isa = PBXBuildFile; fileRef = 5A49A6E32F81FECC0087AEB4 /* SetNewPasswordView.swift */; };
		5C8D5426F6BC9C2488375941 /* Typography.swift in Sources */ = {isa = PBXBuildFile; fileRef = ACC8AB358C5CA2BF6044AC3C /* Typography.swift */; };
		77AD13C7DC64A35F9AFED57C /* LoginSheetView.swift in Sources */ = {isa = PBXBuildFile; fileRef = 34E0EAE327C950362B3014D5 /* LoginSheetView.swift */; };
		7D4197BF2265B2399230F674 /* Word.swift in Sources */ = {isa = PBXBuildFile; fileRef = 92303A00F92BED6BE63141A5 /* Word.swift */; };
		84F77901D51B6D11E407ED82 /* oxford_vocabulary.json in Resources */ = {isa = PBXBuildFile; fileRef = 86089F073A1802AA2AD10FD2 /* oxford_vocabulary.json */; };
		942EA20B4E32BC6B7BDC9314 /* LearnView.swift in Sources */ = {isa = PBXBuildFile; fileRef = 0C3BEAC261493509191CBB67 /* LearnView.swift */; };
		9777AEA2AB5BECCDDD1E036F /* VocaApp.swift in Sources */ = {isa = PBXBuildFile; fileRef = F9DF97E6EE3616C06E7CF119 /* VocaApp.swift */; };
		987F03C62349BC7C02C89F73 /* Buttons.swift in Sources */ = {isa = PBXBuildFile; fileRef = BEF736059A901232C8D2297B /* Buttons.swift */; };
		9CB5BAAA662E06D30F0B3F44 /* GlassCard.swift in Sources */ = {isa = PBXBuildFile; fileRef = 21DB232B31F794FDDFB89685 /* GlassCard.swift */; };
		AA000001B234567890ABCDEF /* EditProfileView.swift in Sources */ = {isa = PBXBuildFile; fileRef = AA000001C234567890ABCDEF /* EditProfileView.swift */; };
		AA000002B234567890ABCDEF /* NotificationsSettingsView.swift in Sources */ = {isa = PBXBuildFile; fileRef = AA000002C234567890ABCDEF /* NotificationsSettingsView.swift */; };
		AA000003B234567890ABCDEF /* AccountSettingsView.swift in Sources */ = {isa = PBXBuildFile; fileRef = AA000003C234567890ABCDEF /* AccountSettingsView.swift */; };
		AA000004B234567890ABCDEF /* HelpSupportView.swift in Sources */ = {isa = PBXBuildFile; fileRef = AA000004C234567890ABCDEF /* HelpSupportView.swift */; };
		AB12CD34EF56AB78CD90EF12 /* AccountSheetView.swift in Sources */ = {isa = PBXBuildFile; fileRef = 12AB34CD56EF78AB90CD12EF /* AccountSheetView.swift */; };
		AEDD8527E8996E47B6A05954 /* SearchViewModel.swift in Sources */ = {isa = PBXBuildFile; fileRef = 42DFE2C4AD7A9B944D887945 /* SearchViewModel.swift */; };
		B3C4D5E6F7081AABCDEF2345 /* WordCardView.swift in Sources */ = {isa = PBXBuildFile; fileRef = A2B3C4D5E6F70819ABCD1234 /* WordCardView.swift */; };
		BB000005B234567890ABCDEF /* GracePeriodExpiredView.swift in Sources */ = {isa = PBXBuildFile; fileRef = BB000005C234567890ABCDEF /* GracePeriodExpiredView.swift */; };
		C1AC34834AA30338680B2A5A /* OtherTabs.swift in Sources */ = {isa = PBXBuildFile; fileRef = 2C1911E28486ADF1DD637173 /* OtherTabs.swift */; };
		CC000006B234567890ABCDEF /* ThemeManager.swift in Sources */ = {isa = PBXBuildFile; fileRef = CC000006C234567890ABCDEF /* ThemeManager.swift */; };
		CCD1F433B13596EFC101D350 /* Color+HSL.swift in Sources */ = {isa = PBXBuildFile; fileRef = 84C2FFE03108122F3ED8FEE3 /* Color+HSL.swift */; };
		D9D67BC07F8BC0A3C34D8266 /* FloatingTabBar.swift in Sources */ = {isa = PBXBuildFile; fileRef = 9DE10E077EB19A349A5775D7 /* FloatingTabBar.swift */; };
		E2D1CBA0F8765432E5F60729 /* CardBackgroundModifier.swift in Sources */ = {isa = PBXBuildFile; fileRef = B2C3D4E5F6071829ABCDEF02 /* CardBackgroundModifier.swift */; };
		E5F607182AB3CDEF04425535 /* StackedCardDeck.swift in Sources */ = {isa = PBXBuildFile; fileRef = D4E5F6071829AB3CDEF04424 /* StackedCardDeck.swift */; };
		F1A2B3C4D5E6F7081234ABCD /* WordDetailView.swift in Sources */ = {isa = PBXBuildFile; fileRef = A1B2C3D4E5F60718DEADBEEF /* WordDetailView.swift */; };
		F3E1CBA1A876543AE5F6073A /* AppRoute.swift in Sources */ = {isa = PBXBuildFile; fileRef = C3D4E5F607182A3BCDEF0313 /* AppRoute.swift */; };
		FAE29C8933E1D2B3D77A571F /* AuthService.swift in Sources */ = {isa = PBXBuildFile; fileRef = 4535146DD2BF10DB9C739F30 /* AuthService.swift */; };
		FED1CBA098765432E5F60718 /* AppIntents.swift in Sources */ = {isa = PBXBuildFile; fileRef = A1B2C3D4E5F60718ABCDEF01 /* AppIntents.swift */; };
/* End PBXBuildFile section */

/* Begin PBXFileReference section */
		0C3BEAC261493509191CBB67 /* LearnView.swift */ = {isa = PBXFileReference; includeInIndex = 1; lastKnownFileType = sourcecode.swift; name = LearnView.swift; path = Learn/LearnView.swift; sourceTree = "<group>"; };
		12AB34CD56EF78AB90CD12EF /* AccountSheetView.swift */ = {isa = PBXFileReference; includeInIndex = 1; lastKnownFileType = sourcecode.swift; path = AccountSheetView.swift; sourceTree = "<group>"; };
		1A2B3C4D5E6F708192A3B402 /* WelcomeFeaturesSheet.swift */ = {isa = PBXFileReference; includeInIndex = 1; lastKnownFileType = sourcecode.swift; name = WelcomeFeaturesSheet.swift; path = Components/WelcomeFeaturesSheet.swift; sourceTree = "<group>"; };
		21DB232B31F794FDDFB89685 /* GlassCard.swift */ = {isa = PBXFileReference; includeInIndex = 1; lastKnownFileType = sourcecode.swift; name = GlassCard.swift; path = Components/GlassCard.swift; sourceTree = "<group>"; };
		29B7905B12D97B7782DF61D2 /* LearnView.swift */ = {isa = PBXFileReference; includeInIndex = 1; lastKnownFileType = sourcecode.swift; name = LearnView.swift; path = Learn/LearnView.swift; sourceTree = "<group>"; };
		2C1911E28486ADF1DD637173 /* OtherTabs.swift */ = {isa = PBXFileReference; includeInIndex = 1; lastKnownFileType = sourcecode.swift; path = OtherTabs.swift; sourceTree = "<group>"; };
		34E0EAE327C950362B3014D5 /* LoginSheetView.swift */ = {isa = PBXFileReference; includeInIndex = 1; lastKnownFileType = sourcecode.swift; path = LoginSheetView.swift; sourceTree = "<group>"; };
		3CF51A9CCAACF1ADDB6A008B /* GlassCard.swift */ = {isa = PBXFileReference; includeInIndex = 1; lastKnownFileType = sourcecode.swift; name = GlassCard.swift; path = Components/GlassCard.swift; sourceTree = "<group>"; };
		3DD397E4664B1F5DA9FD1398 /* Colors.swift */ = {isa = PBXFileReference; includeInIndex = 1; lastKnownFileType = sourcecode.swift; path = Colors.swift; sourceTree = "<group>"; };
		42DFE2C4AD7A9B944D887945 /* SearchViewModel.swift */ = {isa = PBXFileReference; includeInIndex = 1; lastKnownFileType = sourcecode.swift; name = SearchViewModel.swift; path = Search/SearchViewModel.swift; sourceTree = "<group>"; };
		4535146DD2BF10DB9C739F30 /* AuthService.swift */ = {isa = PBXFileReference; includeInIndex = 1; lastKnownFileType = sourcecode.swift; path = AuthService.swift; sourceTree = "<group>"; };
		46A074B6E9B5462088433E62 /* AppIcon.icon */ = {isa = PBXFileReference; lastKnownFileType = folder.iconcomposer.icon; path = AppIcon.icon; sourceTree = "<group>"; };
		504EC3041FED79650016851F /* App.app */ = {isa = PBXFileReference; explicitFileType = wrapper.application; includeInIndex = 0; path = App.app; sourceTree = BUILT_PRODUCTS_DIR; };
		504EC3071FED79650016851F /* AppDelegate.swift */ = {isa = PBXFileReference; lastKnownFileType = sourcecode.swift; path = AppDelegate.swift; sourceTree = "<group>"; };
		504EC30E1FED79650016851F /* Assets.xcassets */ = {isa = PBXFileReference; lastKnownFileType = folder.assetcatalog; path = Assets.xcassets; sourceTree = "<group>"; };
		504EC3111FED79650016851F /* Base */ = {isa = PBXFileReference; lastKnownFileType = file.storyboard; name = Base; path = Base.lproj/LaunchScreen.storyboard; sourceTree = "<group>"; };
		504EC3131FED79650016851F /* Info.plist */ = {isa = PBXFileReference; lastKnownFileType = text.plist.xml; path = Info.plist; sourceTree = "<group>"; };
		5678DEF0GHIJ1234K5L6MNOP /* Config.swift */ = {isa = PBXFileReference; includeInIndex = 1; lastKnownFileType = sourcecode.swift; path = Config.swift; sourceTree = "<group>"; };
		5A49A6E32F81FECC0087AEB4 /* SetNewPasswordView.swift */ = {isa = PBXFileReference; lastKnownFileType = sourcecode.swift; path = SetNewPasswordView.swift; sourceTree = "<group>"; };
		5A49A6E52F97E7180087AEB4 /* App.entitlements */ = {isa = PBXFileReference; lastKnownFileType = text.plist.entitlements; path = App.entitlements; sourceTree = "<group>"; };
		6BA001F7992CA655D7B5931B /* VocabularyService.swift */ = {isa = PBXFileReference; includeInIndex = 1; lastKnownFileType = sourcecode.swift; path = VocabularyService.swift; sourceTree = "<group>"; };
		799AFC8CE50ADE592541958B /* ContentView.swift */ = {isa = PBXFileReference; includeInIndex = 1; lastKnownFileType = sourcecode.swift; path = ContentView.swift; sourceTree = "<group>"; };
		7BF3A6554FF07109F8FC3517 /* VocabularyService.swift */ = {isa = PBXFileReference; includeInIndex = 1; lastKnownFileType = sourcecode.swift; path = VocabularyService.swift; sourceTree = "<group>"; };
		84C2FFE03108122F3ED8FEE3 /* Color+HSL.swift */ = {isa = PBXFileReference; includeInIndex = 1; lastKnownFileType = sourcecode.swift; path = "Color+HSL.swift"; sourceTree = "<group>"; };
		86089F073A1802AA2AD10FD2 /* oxford_vocabulary.json */ = {isa = PBXFileReference; includeInIndex = 1; lastKnownFileType = text.json; path = oxford_vocabulary.json; sourceTree = "<group>"; };
		91B307A17769D7E8A299CAA4 /* AudioService.swift */ = {isa = PBXFileReference; includeInIndex = 1; lastKnownFileType = sourcecode.swift; path = AudioService.swift; sourceTree = "<group>"; };
		92303A00F92BED6BE63141A5 /* Word.swift */ = {isa = PBXFileReference; includeInIndex = 1; lastKnownFileType = sourcecode.swift; path = Word.swift; sourceTree = "<group>"; };
		9DE10E077EB19A349A5775D7 /* FloatingTabBar.swift */ = {isa = PBXFileReference; includeInIndex = 1; lastKnownFileType = sourcecode.swift; path = FloatingTabBar.swift; sourceTree = "<group>"; };
		A1B2C3D4E5F60718ABCDEF01 /* AppIntents.swift */ = {isa = PBXFileReference; includeInIndex = 1; lastKnownFileType = sourcecode.swift; path = AppIntents.swift; sourceTree = "<group>"; };
		A1B2C3D4E5F60718DEADBEEF /* WordDetailView.swift */ = {isa = PBXFileReference; includeInIndex = 1; lastKnownFileType = sourcecode.swift; path = WordDetailView.swift; sourceTree = "<group>"; };
		A2B3C4D5E6F70819ABCD1234 /* WordCardView.swift */ = {isa = PBXFileReference; includeInIndex = 1; lastKnownFileType = sourcecode.swift; name = WordCardView.swift; path = Learn/WordCardView.swift; sourceTree = "<group>"; };
		A5715A0F40EF4DED207C5812 /* Buttons.swift */ = {isa = PBXFileReference; includeInIndex = 1; lastKnownFileType = sourcecode.swift; name = Buttons.swift; path = Components/Buttons.swift; sourceTree = "<group>"; };
		AA000001C234567890ABCDEF /* EditProfileView.swift */ = {isa = PBXFileReference; includeInIndex = 1; lastKnownFileType = sourcecode.swift; path = EditProfileView.swift; sourceTree = "<group>"; };
		AA000002C234567890ABCDEF /* NotificationsSettingsView.swift */ = {isa = PBXFileReference; includeInIndex = 1; lastKnownFileType = sourcecode.swift; path = NotificationsSettingsView.swift; sourceTree = "<group>"; };
		AA000003C234567890ABCDEF /* AccountSettingsView.swift */ = {isa = PBXFileReference; includeInIndex = 1; lastKnownFileType = sourcecode.swift; path = AccountSettingsView.swift; sourceTree = "<group>"; };
		AA000004C234567890ABCDEF /* HelpSupportView.swift */ = {isa = PBXFileReference; includeInIndex = 1; lastKnownFileType = sourcecode.swift; path = HelpSupportView.swift; sourceTree = "<group>"; };
		ACC8AB358C5CA2BF6044AC3C /* Typography.swift */ = {isa = PBXFileReference; includeInIndex = 1; lastKnownFileType = sourcecode.swift; path = Typography.swift; sourceTree = "<group>"; };
		ADAFA7606093D890FACB8745 /* AudioService.swift */ = {isa = PBXFileReference; includeInIndex = 1; lastKnownFileType = sourcecode.swift; path = AudioService.swift; sourceTree = "<group>"; };
		B2C3D4E5F6071829ABCDEF02 /* CardBackgroundModifier.swift */ = {isa = PBXFileReference; includeInIndex = 1; lastKnownFileType = sourcecode.swift; name = CardBackgroundModifier.swift; path = Components/CardBackgroundModifier.swift; sourceTree = "<group>"; };
		BB000005C234567890ABCDEF /* GracePeriodExpiredView.swift */ = {isa = PBXFileReference; includeInIndex = 1; lastKnownFileType = sourcecode.swift; path = GracePeriodExpiredView.swift; sourceTree = "<group>"; };
		BEF736059A901232C8D2297B /* Buttons.swift */ = {isa = PBXFileReference; includeInIndex = 1; lastKnownFileType = sourcecode.swift; name = Buttons.swift; path = Components/Buttons.swift; sourceTree = "<group>"; };
		C3D4E5F607182A3BCDEF0313 /* AppRoute.swift */ = {isa = PBXFileReference; includeInIndex = 1; lastKnownFileType = sourcecode.swift; name = AppRoute.swift; path = Navigation/AppRoute.swift; sourceTree = "<group>"; };
		C905450FAC03FAF7132FF510 /* ProgressService.swift */ = {isa = PBXFileReference; includeInIndex = 1; lastKnownFileType = sourcecode.swift; path = ProgressService.swift; sourceTree = "<group>"; };
		CC000006C234567890ABCDEF /* ThemeManager.swift */ = {isa = PBXFileReference; includeInIndex = 1; lastKnownFileType = sourcecode.swift; path = ThemeManager.swift; sourceTree = "<group>"; };
		D4E5F6071829AB3CDEF04424 /* StackedCardDeck.swift */ = {isa = PBXFileReference; includeInIndex = 1; lastKnownFileType = sourcecode.swift; name = StackedCardDeck.swift; path = Components/StackedCardDeck.swift; sourceTree = "<group>"; };
		E194CC1F78CDA0E2C70B6A13 /* SearchViewModel.swift */ = {isa = PBXFileReference; includeInIndex = 1; lastKnownFileType = sourcecode.swift; name = SearchViewModel.swift; path = Search/SearchViewModel.swift; sourceTree = "<group>"; };
		E2EFEA5B41AB38998FAFA8E0 /* OtherTabs.swift */ = {isa = PBXFileReference; includeInIndex = 1; lastKnownFileType = sourcecode.swift; path = OtherTabs.swift; sourceTree = "<group>"; };
		E47D2B2636DAA7890742D094 /* Colors.swift */ = {isa = PBXFileReference; includeInIndex = 1; lastKnownFileType = sourcecode.swift; path = Colors.swift; sourceTree = "<group>"; };
		EA6C92A75DE70BD325884857 /* Word.swift */ = {isa = PBXFileReference; includeInIndex = 1; lastKnownFileType = sourcecode.swift; path = Word.swift; sourceTree = "<group>"; };
		EF4531F85D1BA4DCC08F0F73 /* ProgressService.swift */ = {isa = PBXFileReference; includeInIndex = 1; lastKnownFileType = sourcecode.swift; path = ProgressService.swift; sourceTree = "<group>"; };
		F9DF97E6EE3616C06E7CF119 /* VocaApp.swift */ = {isa = PBXFileReference; includeInIndex = 1; lastKnownFileType = sourcecode.swift; path = VocaApp.swift; sourceTree = "<group>"; };
/* End PBXFileReference section */

/* Begin PBXFrameworksBuildPhase section */
		504EC3011FED79650016851F /* Frameworks */ = {
			isa = PBXFrameworksBuildPhase;
			buildActionMask = 2147483647;
			files = (
			);
			runOnlyForDeploymentPostprocessing = 0;
		};
/* End PBXFrameworksBuildPhase section */

/* Begin PBXGroup section */
		0BDC756ACB00173FD7CEA136 /* Models */ = {
			isa = PBXGroup;
			children = (
				EA6C92A75DE70BD325884857 /* Word.swift */,
			);
			path = Models;
			sourceTree = "<group>";
		};
		27E2DDA53C4D2A4D1A88CE4A /* Frameworks */ = {
			isa = PBXGroup;
			children = (
			);
			name = Frameworks;
			sourceTree = "<group>";
		};
		315F345E747E41C7EDB0E2A9 /* Services */ = {
			isa = PBXGroup;
			children = (
				ADAFA7606093D890FACB8745 /* AudioService.swift */,
				7BF3A6554FF07109F8FC3517 /* VocabularyService.swift */,
				C905450FAC03FAF7132FF510 /* ProgressService.swift */,
				86089F073A1802AA2AD10FD2 /* oxford_vocabulary.json */,
				4535146DD2BF10DB9C739F30 /* AuthService.swift */,
				5678DEF0GHIJ1234K5L6MNOP /* Config.swift */,
				CC000006C234567890ABCDEF /* ThemeManager.swift */,
			);
			path = Services;
			sourceTree = "<group>";
		};
		37488484483579F3DAE3DC28 /* Services */ = {
			isa = PBXGroup;
			children = (
				91B307A17769D7E8A299CAA4 /* AudioService.swift */,
				6BA001F7992CA655D7B5931B /* VocabularyService.swift */,
				EF4531F85D1BA4DCC08F0F73 /* ProgressService.swift */,
			);
			path = Services;
			sourceTree = "<group>";
		};
		42D9239D18B49F187443213A /* Features */ = {
			isa = PBXGroup;
			children = (
				0C3BEAC261493509191CBB67 /* LearnView.swift */,
				A2B3C4D5E6F70819ABCD1234 /* WordCardView.swift */,
				42DFE2C4AD7A9B944D887945 /* SearchViewModel.swift */,
				2C1911E28486ADF1DD637173 /* OtherTabs.swift */,
				A1B2C3D4E5F60718DEADBEEF /* WordDetailView.swift */,
				12AB34CD56EF78AB90CD12EF /* AccountSheetView.swift */,
				34E0EAE327C950362B3014D5 /* LoginSheetView.swift */,
				AA000001C234567890ABCDEF /* EditProfileView.swift */,
				AA000002C234567890ABCDEF /* NotificationsSettingsView.swift */,
				AA000003C234567890ABCDEF /* AccountSettingsView.swift */,
				AA000004C234567890ABCDEF /* HelpSupportView.swift */,
				BB000005C234567890ABCDEF /* GracePeriodExpiredView.swift */,
				5A49A6E32F81FECC0087AEB4 /* SetNewPasswordView.swift */,
			);
			path = Features;
			sourceTree = "<group>";
		};
		4C20B1DD576B61036C87CD1D /* Features */ = {
			isa = PBXGroup;
			children = (
				29B7905B12D97B7782DF61D2 /* LearnView.swift */,
				E194CC1F78CDA0E2C70B6A13 /* SearchViewModel.swift */,
				E2EFEA5B41AB38998FAFA8E0 /* OtherTabs.swift */,
			);
			path = Features;
			sourceTree = "<group>";
		};
		504EC2FB1FED79650016851F = {
			isa = PBXGroup;
			children = (
				504EC3061FED79650016851F /* App */,
				504EC3051FED79650016851F /* Products */,
				27E2DDA53C4D2A4D1A88CE4A /* Frameworks */,
			);
			sourceTree = "<group>";
		};
		504EC3051FED79650016851F /* Products */ = {
			isa = PBXGroup;
			children = (
				504EC3041FED79650016851F /* App.app */,
			);
			name = Products;
			sourceTree = "<group>";
		};
		504EC3061FED79650016851F /* App */ = {
			isa = PBXGroup;
			children = (
				5A49A6E52F97E7180087AEB4 /* App.entitlements */,
				46A074B6E9B5462088433E62 /* AppIcon.icon */,
				504EC3071FED79650016851F /* AppDelegate.swift */,
				C3D4E5F607182A3BCDEF0313 /* AppRoute.swift */,
				A1B2C3D4E5F60718ABCDEF01 /* AppIntents.swift */,
				504EC30E1FED79650016851F /* Assets.xcassets */,
				504EC3101FED79650016851F /* LaunchScreen.storyboard */,
				504EC3131FED79650016851F /* Info.plist */,
				BE3321991FA382BF38879721 /* Models */,
				315F345E747E41C7EDB0E2A9 /* Services */,
				42D9239D18B49F187443213A /* Features */,
				FD080E9A7625536A0F2B01F6 /* DesignSystem */,
				F9DF97E6EE3616C06E7CF119 /* VocaApp.swift */,
				799AFC8CE50ADE592541958B /* ContentView.swift */,
				0BDC756ACB00173FD7CEA136 /* Models */,
				37488484483579F3DAE3DC28 /* Services */,
				4C20B1DD576B61036C87CD1D /* Features */,
				BA1C1593E8D418ACC6D56BE7 /* DesignSystem */,
			);
			path = App;
			sourceTree = "<group>";
		};
		8DEE47AE7F89D2F69345843A /* Components */ = {
			isa = PBXGroup;
			children = (
				9DE10E077EB19A349A5775D7 /* FloatingTabBar.swift */,
			);
			path = Components;
			sourceTree = "<group>";
		};
		BA1C1593E8D418ACC6D56BE7 /* DesignSystem */ = {
			isa = PBXGroup;
			children = (
				ACC8AB358C5CA2BF6044AC3C /* Typography.swift */,
				A5715A0F40EF4DED207C5812 /* Buttons.swift */,
				3CF51A9CCAACF1ADDB6A008B /* GlassCard.swift */,
				1A2B3C4D5E6F708192A3B402 /* WelcomeFeaturesSheet.swift */,
				B2C3D4E5F6071829ABCDEF02 /* CardBackgroundModifier.swift */,
				D4E5F6071829AB3CDEF04424 /* StackedCardDeck.swift */,
				84C2FFE03108122F3ED8FEE3 /* Color+HSL.swift */,
				E47D2B2636DAA7890742D094 /* Colors.swift */,
			);
			path = DesignSystem;
			sourceTree = "<group>";
		};
		BE3321991FA382BF38879721 /* Models */ = {
			isa = PBXGroup;
			children = (
				92303A00F92BED6BE63141A5 /* Word.swift */,
			);
			path = Models;
			sourceTree = "<group>";
		};
		FD080E9A7625536A0F2B01F6 /* DesignSystem */ = {
			isa = PBXGroup;
			children = (
				BEF736059A901232C8D2297B /* Buttons.swift */,
				21DB232B31F794FDDFB89685 /* GlassCard.swift */,
				3DD397E4664B1F5DA9FD1398 /* Colors.swift */,
				8DEE47AE7F89D2F69345843A /* Components */,
			);
			path = DesignSystem;
			sourceTree = "<group>";
		};
/* End PBXGroup section */

/* Begin PBXNativeTarget section */
		504EC3031FED79650016851F /* App */ = {
			isa = PBXNativeTarget;
			buildConfigurationList = 504EC3161FED79650016851F /* Build configuration list for PBXNativeTarget "App" */;
			buildPhases = (
				504EC3001FED79650016851F /* Sources */,
				504EC3011FED79650016851F /* Frameworks */,
				504EC3021FED79650016851F /* Resources */,
			);
			buildRules = (
			);
			dependencies = (
			);
			name = App;
			productName = App;
			productReference = 504EC3041FED79650016851F /* App.app */;
			productType = "com.apple.product-type.application";
		};
/* End PBXNativeTarget section */

/* Begin PBXProject section */
		504EC2FC1FED79650016851F /* Project object */ = {
			isa = PBXProject;
			attributes = {
				BuildIndependentTargetsInParallel = YES;
				LastSwiftUpdateCheck = 0920;
				LastUpgradeCheck = 2640;
				TargetAttributes = {
					504EC3031FED79650016851F = {
						CreatedOnToolsVersion = 9.2;
						LastSwiftMigration = 1100;
						ProvisioningStyle = Automatic;
					};
				};
			};
			buildConfigurationList = 504EC2FF1FED79650016851F /* Build configuration list for PBXProject "App" */;
			compatibilityVersion = "Xcode 8.0";
			developmentRegion = en;
			hasScannedForEncodings = 0;
			knownRegions = (
				en,
				Base,
			);
			mainGroup = 504EC2FB1FED79650016851F;
			productRefGroup = 504EC3051FED79650016851F /* Products */;
			projectDirPath = "";
			projectRoot = "";
			targets = (
				504EC3031FED79650016851F /* App */,
			);
		};
/* End PBXProject section */

/* Begin PBXResourcesBuildPhase section */
		504EC3021FED79650016851F /* Resources */ = {
			isa = PBXResourcesBuildPhase;
			buildActionMask = 2147483647;
			files = (
				504EC3121FED79650016851F /* LaunchScreen.storyboard in Resources */,
				0D7A0ACC8D3147CA8DFE4F85 /* AppIcon.icon in Resources */,
				504EC30F1FED79650016851F /* Assets.xcassets in Resources */,
				84F77901D51B6D11E407ED82 /* oxford_vocabulary.json in Resources */,
			);
			runOnlyForDeploymentPostprocessing = 0;
		};
/* End PBXResourcesBuildPhase section */

/* Begin PBXSourcesBuildPhase section */
		504EC3001FED79650016851F /* Sources */ = {
			isa = PBXSourcesBuildPhase;
			buildActionMask = 2147483647;
			files = (
				504EC3081FED79650016851F /* AppDelegate.swift in Sources */,
				F3E1CBA1A876543AE5F6073A /* AppRoute.swift in Sources */,
				E2D1CBA0F8765432E5F60729 /* CardBackgroundModifier.swift in Sources */,
				FED1CBA098765432E5F60718 /* AppIntents.swift in Sources */,
				7D4197BF2265B2399230F674 /* Word.swift in Sources */,
				0101242A8C80CBA9D1DC6C33 /* AudioService.swift in Sources */,
				4E037E90A1656ED7FF4517F0 /* VocabularyService.swift in Sources */,
				5A49A6E42F81FECC0087AEB4 /* SetNewPasswordView.swift in Sources */,
				4B21D8A5B27F649810C47685 /* ProgressService.swift in Sources */,
				942EA20B4E32BC6B7BDC9314 /* LearnView.swift in Sources */,
				AEDD8527E8996E47B6A05954 /* SearchViewModel.swift in Sources */,
				C1AC34834AA30338680B2A5A /* OtherTabs.swift in Sources */,
				F1A2B3C4D5E6F7081234ABCD /* WordDetailView.swift in Sources */,
				AB12CD34EF56AB78CD90EF12 /* AccountSheetView.swift in Sources */,
				987F03C62349BC7C02C89F73 /* Buttons.swift in Sources */,
				9CB5BAAA662E06D30F0B3F44 /* GlassCard.swift in Sources */,
				1A2B3C4D5E6F708192A3B401 /* WelcomeFeaturesSheet.swift in Sources */,
				24D2DB24214371F9E49387C8 /* Colors.swift in Sources */,
				9777AEA2AB5BECCDDD1E036F /* VocaApp.swift in Sources */,
				0FDA84B2250BB9EBC9C7624C /* ContentView.swift in Sources */,
				5C8D5426F6BC9C2488375941 /* Typography.swift in Sources */,
				CCD1F433B13596EFC101D350 /* Color+HSL.swift in Sources */,
				D9D67BC07F8BC0A3C34D8266 /* FloatingTabBar.swift in Sources */,
				FAE29C8933E1D2B3D77A571F /* AuthService.swift in Sources */,
				1ABC2DEF3456789012BCDEF3 /* Config.swift in Sources */,
				77AD13C7DC64A35F9AFED57C /* LoginSheetView.swift in Sources */,
				E5F607182AB3CDEF04425535 /* StackedCardDeck.swift in Sources */,
				B3C4D5E6F7081AABCDEF2345 /* WordCardView.swift in Sources */,
				AA000001B234567890ABCDEF /* EditProfileView.swift in Sources */,
				AA000002B234567890ABCDEF /* NotificationsSettingsView.swift in Sources */,
				AA000003B234567890ABCDEF /* AccountSettingsView.swift in Sources */,
				AA000004B234567890ABCDEF /* HelpSupportView.swift in Sources */,
				BB000005B234567890ABCDEF /* GracePeriodExpiredView.swift in Sources */,
				CC000006B234567890ABCDEF /* ThemeManager.swift in Sources */,
			);
			runOnlyForDeploymentPostprocessing = 0;
		};
/* End PBXSourcesBuildPhase section */

/* Begin PBXVariantGroup section */
		504EC3101FED79650016851F /* LaunchScreen.storyboard */ = {
			isa = PBXVariantGroup;
			children = (
				504EC3111FED79650016851F /* Base */,
			);
			name = LaunchScreen.storyboard;
			sourceTree = "<group>";
		};
/* End PBXVariantGroup section */

/* Begin XCBuildConfiguration section */
		504EC3141FED79650016851F /* Debug */ = {
			isa = XCBuildConfiguration;
			buildSettings = {
				ALWAYS_SEARCH_USER_PATHS = NO;
				CLANG_ANALYZER_NONNULL = YES;
				CLANG_ANALYZER_NUMBER_OBJECT_CONVERSION = YES_AGGRESSIVE;
				CLANG_CXX_LANGUAGE_STANDARD = "gnu++14";
				CLANG_CXX_LIBRARY = "libc++";
				CLANG_ENABLE_MODULES = YES;
				CLANG_ENABLE_OBJC_ARC = YES;
				CLANG_WARN_BLOCK_CAPTURE_AUTORELEASING = YES;
				CLANG_WARN_BOOL_CONVERSION = YES;
				CLANG_WARN_COMMA = YES;
				CLANG_WARN_CONSTANT_CONVERSION = YES;
				CLANG_WARN_DEPRECATED_OBJC_IMPLEMENTATIONS = YES;
				CLANG_WARN_DIRECT_OBJC_ISA_USAGE = YES_ERROR;
				CLANG_WARN_DOCUMENTATION_COMMENTS = YES;
				CLANG_WARN_EMPTY_BODY = YES;
				CLANG_WARN_ENUM_CONVERSION = YES;
				CLANG_WARN_INFINITE_RECURSION = YES;
				CLANG_WARN_INT_CONVERSION = YES;
				CLANG_WARN_NON_LITERAL_NULL_CONVERSION = YES;
				CLANG_WARN_OBJC_IMPLICIT_RETAIN_SELF = YES;
				CLANG_WARN_OBJC_LITERAL_CONVERSION = YES;
				CLANG_WARN_OBJC_ROOT_CLASS = YES_ERROR;
				CLANG_WARN_QUOTED_INCLUDE_IN_FRAMEWORK_HEADER = YES;
				CLANG_WARN_RANGE_LOOP_ANALYSIS = YES;
				CLANG_WARN_STRICT_PROTOTYPES = YES;
				CLANG_WARN_SUSPICIOUS_MOVE = YES;
				CLANG_WARN_UNGUARDED_AVAILABILITY = YES_AGGRESSIVE;
				CLANG_WARN_UNREACHABLE_CODE = YES;
				CLANG_WARN__DUPLICATE_METHOD_MATCH = YES;
				CODE_SIGN_IDENTITY = "iPhone Developer";
				COPY_PHASE_STRIP = NO;
				DEBUG_INFORMATION_FORMAT = dwarf;
				DEVELOPMENT_TEAM = CUNWPYZ7BB;
				ENABLE_STRICT_OBJC_MSGSEND = YES;
				ENABLE_TESTABILITY = YES;
				ENABLE_USER_SCRIPT_SANDBOXING = NO;
				GCC_C_LANGUAGE_STANDARD = gnu11;
				GCC_DYNAMIC_NO_PIC = NO;
				GCC_NO_COMMON_BLOCKS = YES;
				GCC_OPTIMIZATION_LEVEL = 0;
				GCC_PREPROCESSOR_DEFINITIONS = (
					"DEBUG=1",
					"$(inherited)",
				);
				GCC_WARN_64_TO_32_BIT_CONVERSION = YES;
				GCC_WARN_ABOUT_RETURN_TYPE = YES_ERROR;
				GCC_WARN_UNDECLARED_SELECTOR = YES;
				GCC_WARN_UNINITIALIZED_AUTOS = YES_AGGRESSIVE;
				GCC_WARN_UNUSED_FUNCTION = YES;
				GCC_WARN_UNUSED_VARIABLE = YES;
				IPHONEOS_DEPLOYMENT_TARGET = 26.0;
				MTL_ENABLE_DEBUG_INFO = YES;
				ONLY_ACTIVE_ARCH = YES;
				SDKROOT = iphoneos;
				STRING_CATALOG_GENERATE_SYMBOLS = YES;
				SWIFT_ACTIVE_COMPILATION_CONDITIONS = DEBUG;
				SWIFT_OPTIMIZATION_LEVEL = "-Onone";
			};
			name = Debug;
		};
		504EC3151FED79650016851F /* Release */ = {
			isa = XCBuildConfiguration;
			buildSettings = {
				ALWAYS_SEARCH_USER_PATHS = NO;
				CLANG_ANALYZER_NONNULL = YES;
				CLANG_ANALYZER_NUMBER_OBJECT_CONVERSION = YES_AGGRESSIVE;
				CLANG_CXX_LANGUAGE_STANDARD = "gnu++14";
				CLANG_CXX_LIBRARY = "libc++";
				CLANG_ENABLE_MODULES = YES;
				CLANG_ENABLE_OBJC_ARC = YES;
				CLANG_WARN_BLOCK_CAPTURE_AUTORELEASING = YES;
				CLANG_WARN_BOOL_CONVERSION = YES;
				CLANG_WARN_COMMA = YES;
				CLANG_WARN_CONSTANT_CONVERSION = YES;
				CLANG_WARN_DEPRECATED_OBJC_IMPLEMENTATIONS = YES;
				CLANG_WARN_DIRECT_OBJC_ISA_USAGE = YES_ERROR;
				CLANG_WARN_DOCUMENTATION_COMMENTS = YES;
				CLANG_WARN_EMPTY_BODY = YES;
				CLANG_WARN_ENUM_CONVERSION = YES;
				CLANG_WARN_INFINITE_RECURSION = YES;
				CLANG_WARN_INT_CONVERSION = YES;
				CLANG_WARN_NON_LITERAL_NULL_CONVERSION = YES;
				CLANG_WARN_OBJC_IMPLICIT_RETAIN_SELF = YES;
				CLANG_WARN_OBJC_LITERAL_CONVERSION = YES;
				CLANG_WARN_OBJC_ROOT_CLASS = YES_ERROR;
				CLANG_WARN_QUOTED_INCLUDE_IN_FRAMEWORK_HEADER = YES;
				CLANG_WARN_RANGE_LOOP_ANALYSIS = YES;
				CLANG_WARN_STRICT_PROTOTYPES = YES;
				CLANG_WARN_SUSPICIOUS_MOVE = YES;
				CLANG_WARN_UNGUARDED_AVAILABILITY = YES_AGGRESSIVE;
				CLANG_WARN_UNREACHABLE_CODE = YES;
				CLANG_WARN__DUPLICATE_METHOD_MATCH = YES;
				CODE_SIGN_IDENTITY = "iPhone Developer";
				COPY_PHASE_STRIP = NO;
				DEBUG_INFORMATION_FORMAT = "dwarf-with-dsym";
				DEVELOPMENT_TEAM = CUNWPYZ7BB;
				ENABLE_NS_ASSERTIONS = NO;
				ENABLE_STRICT_OBJC_MSGSEND = YES;
				ENABLE_USER_SCRIPT_SANDBOXING = NO;
				GCC_C_LANGUAGE_STANDARD = gnu11;
				GCC_NO_COMMON_BLOCKS = YES;
				GCC_WARN_64_TO_32_BIT_CONVERSION = YES;
				GCC_WARN_ABOUT_RETURN_TYPE = YES_ERROR;
				GCC_WARN_UNDECLARED_SELECTOR = YES;
				GCC_WARN_UNINITIALIZED_AUTOS = YES_AGGRESSIVE;
				GCC_WARN_UNUSED_FUNCTION = YES;
				GCC_WARN_UNUSED_VARIABLE = YES;
				IPHONEOS_DEPLOYMENT_TARGET = 26.0;
				MTL_ENABLE_DEBUG_INFO = NO;
				SDKROOT = iphoneos;
				STRING_CATALOG_GENERATE_SYMBOLS = YES;
				SWIFT_COMPILATION_MODE = wholemodule;
				SWIFT_OPTIMIZATION_LEVEL = "-O";
				VALIDATE_PRODUCT = YES;
			};
			name = Release;
		};
		504EC3171FED79650016851F /* Debug */ = {
			isa = XCBuildConfiguration;
			buildSettings = {
				ASSETCATALOG_COMPILER_APPICON_NAME = AppIcon;
				CODE_SIGN_ENTITLEMENTS = App/App.entitlements;
				CODE_SIGN_STYLE = Automatic;
				CURRENT_PROJECT_VERSION = 1;
				DEVELOPMENT_TEAM = CUNWPYZ7BB;
				INFOPLIST_FILE = App/Info.plist;
				INFOPLIST_KEY_LSApplicationCategoryType = "public.app-category.education";
				IPHONEOS_DEPLOYMENT_TARGET = 26.0;
				LD_RUNPATH_SEARCH_PATHS = (
					"$(inherited)",
					"@executable_path/Frameworks",
				);
				MARKETING_VERSION = 0.1;
				PRODUCT_BUNDLE_IDENTIFIER = com.voca.pronunciation;
				PRODUCT_NAME = "$(TARGET_NAME)";
				SUPPORTED_PLATFORMS = "iphoneos iphonesimulator";
				SUPPORTS_MACCATALYST = NO;
				SUPPORTS_MAC_DESIGNED_FOR_IPHONE_IPAD = NO;
				SUPPORTS_XR_DESIGNED_FOR_IPHONE_IPAD = NO;
				SWIFT_ACTIVE_COMPILATION_CONDITIONS = DEBUG;
				SWIFT_VERSION = 5.0;
				TARGETED_DEVICE_FAMILY = 1;
			};
			name = Debug;
		};
		504EC3181FED79650016851F /* Release */ = {
			isa = XCBuildConfiguration;
			buildSettings = {
				ASSETCATALOG_COMPILER_APPICON_NAME = AppIcon;
				CODE_SIGN_ENTITLEMENTS = App/App.entitlements;
				CODE_SIGN_STYLE = Automatic;
				CURRENT_PROJECT_VERSION = 1;
				DEVELOPMENT_TEAM = CUNWPYZ7BB;
				INFOPLIST_FILE = App/Info.plist;
				INFOPLIST_KEY_LSApplicationCategoryType = "public.app-category.education";
				IPHONEOS_DEPLOYMENT_TARGET = 26.0;
				LD_RUNPATH_SEARCH_PATHS = (
					"$(inherited)",
					"@executable_path/Frameworks",
				);
				MARKETING_VERSION = 0.1;
				PRODUCT_BUNDLE_IDENTIFIER = com.voca.pronunciation;
				PRODUCT_NAME = "$(TARGET_NAME)";
				SUPPORTED_PLATFORMS = "iphoneos iphonesimulator";
				SUPPORTS_MACCATALYST = NO;
				SUPPORTS_MAC_DESIGNED_FOR_IPHONE_IPAD = NO;
				SUPPORTS_XR_DESIGNED_FOR_IPHONE_IPAD = NO;
				SWIFT_ACTIVE_COMPILATION_CONDITIONS = "";
				SWIFT_VERSION = 5.0;
				TARGETED_DEVICE_FAMILY = 1;
			};
			name = Release;
		};
/* End XCBuildConfiguration section */

/* Begin XCConfigurationList section */
		504EC2FF1FED79650016851F /* Build configuration list for PBXProject "App" */ = {
			isa = XCConfigurationList;
			buildConfigurations = (
				504EC3141FED79650016851F /* Debug */,
				504EC3151FED79650016851F /* Release */,
			);
			defaultConfigurationIsVisible = 0;
			defaultConfigurationName = Release;
		};
		504EC3161FED79650016851F /* Build configuration list for PBXNativeTarget "App" */ = {
			isa = XCConfigurationList;
			buildConfigurations = (
				504EC3171FED79650016851F /* Debug */,
				504EC3181FED79650016851F /* Release */,
			);
			defaultConfigurationIsVisible = 0;
			defaultConfigurationName = Release;
		};
/* End XCConfigurationList section */
	};
	rootObject = 504EC2FC1FED79650016851F /* Project object */;
}
